
Microsoft Visual Studio Solution File, Format Version 12.00
# Visual Studio Version 16
VisualStudioVersion = 16.0.31129.286
MinimumVisualStudioVersion = 10.0.40219.1
Project("{FAE04EC0-301F-11D3-BF4B-00C04F79EFBC}") = "VseChitayutBot", "VseChitayutBot\VseChitayutBot.csproj", "{E0CBBE3D-CA8D-497C-8235-A99BC0440D5C}"
EndProject
Global
	GlobalSection(SolutionConfigurationPlatforms) = preSolution
		Debug|Any CPU = Debug|Any CPU
		Release|Any CPU = Release|Any CPU
	EndGlobalSection
	GlobalSection(ProjectConfigurationPlatforms) = postSolution
		{E0CBBE3D-CA8D-497C-8235-A99BC0440D5C}.Debug|Any CPU.ActiveCfg = Debug|Any CPU
		{E0CBBE3D-CA8D-497C-8235-A99BC0440D5C}.Debug|Any CPU.Build.0 = Debug|Any CPU
		{E0CBBE3D-CA8D-497C-8235-A99BC0440D5C}.Release|Any CPU.ActiveCfg = Release|Any CPU
		{E0CBBE3D-CA8D-497C-8235-A99BC0440D5C}.Release|Any CPU.Build.0 = Release|Any CPU
	EndGlobalSection
	GlobalSection(SolutionProperties) = preSolution
		HideSolutionNode = FALSE
	EndGlobalSection
	GlobalSection(ExtensibilityGlobals) = postSolution
		SolutionGuid = {E0CC17D3-66A2-4C1C-A50C-6016B5504606}
	EndGlobalSection
EndGlobal
